
Microsoft Visual Studio Solution File, Format Version 12.00
# Visual Studio Version 17
VisualStudioVersion = 17.8.34316.72
MinimumVisualStudioVersion = 10.0.40219.1
Project("{9A19103F-16F7-4668-BE54-9A1E7A4F7556}") = "TP1", "TP1\TP1.csproj", "{B338938D-F66F-42BE-A114-36857EFB5ED3}"
EndProject
Project("{9A19103F-16F7-4668-BE54-9A1E7A4F7556}") = "Taxe", "Taxe\Taxe.csproj", "{97134618-EA7C-4DC2-9773-E41552CDB639}"
EndProject
Project("{9A19103F-16F7-4668-BE54-9A1E7A4F7556}") = "TaxeLibrary", "TaxeLibrary\TaxeLibrary.csproj", "{A2BE6594-320F-4296-A890-C688F1B3E250}"
EndProject
Project("{9A19103F-16F7-4668-BE54-9A1E7A4F7556}") = "TestTaxeLibrary", "TestTaxeLibrary\TestTaxeLibrary.csproj", "{130F6ED8-DEEB-4842-8264-1F9F1AAF131E}"
EndProject
Project("{9A19103F-16F7-4668-BE54-9A1E7A4F7556}") = "Calculatrice", "Calculatrice\Calculatrice.csproj", "{50D69837-C53F-4BDE-97E8-BA041DF9B0D4}"
	ProjectSection(ProjectDependencies) = postProject
		{0C841010-5D1A-4FFC-84CF-383B7233DBC3} = {0C841010-5D1A-4FFC-84CF-383B7233DBC3}
	EndProjectSection
EndProject
Project("{9A19103F-16F7-4668-BE54-9A1E7A4F7556}") = "CalculatriceLibrary", "CalculatriceLibrary\CalculatriceLibrary.csproj", "{0C841010-5D1A-4FFC-84CF-383B7233DBC3}"
EndProject
Project("{9A19103F-16F7-4668-BE54-9A1E7A4F7556}") = "TestCalculatrice", "TestCalculatrice\TestCalculatrice.csproj", "{50A4CC22-5843-494A-9F60-771FC00B0660}"
EndProject
Project("{FAE04EC0-301F-11D3-BF4B-00C04F79EFBC}") = "Fichier", "Fichier\Fichier.csproj", "{260DE33E-7FB0-4121-BCE2-F9F5EEB179E6}"
EndProject
Global
	GlobalSection(SolutionConfigurationPlatforms) = preSolution
		Debug|Any CPU = Debug|Any CPU
		Release|Any CPU = Release|Any CPU
	EndGlobalSection
	GlobalSection(ProjectConfigurationPlatforms) = postSolution
		{B338938D-F66F-42BE-A114-36857EFB5ED3}.Debug|Any CPU.ActiveCfg = Debug|Any CPU
		{B338938D-F66F-42BE-A114-36857EFB5ED3}.Debug|Any CPU.Build.0 = Debug|Any CPU
		{B338938D-F66F-42BE-A114-36857EFB5ED3}.Debug|Any CPU.Deploy.0 = Debug|Any CPU
		{B338938D-F66F-42BE-A114-36857EFB5ED3}.Release|Any CPU.ActiveCfg = Release|Any CPU
		{B338938D-F66F-42BE-A114-36857EFB5ED3}.Release|Any CPU.Build.0 = Release|Any CPU
		{B338938D-F66F-42BE-A114-36857EFB5ED3}.Release|Any CPU.Deploy.0 = Release|Any CPU
		{97134618-EA7C-4DC2-9773-E41552CDB639}.Debug|Any CPU.ActiveCfg = Debug|Any CPU
		{97134618-EA7C-4DC2-9773-E41552CDB639}.Debug|Any CPU.Build.0 = Debug|Any CPU
		{97134618-EA7C-4DC2-9773-E41552CDB639}.Debug|Any CPU.Deploy.0 = Debug|Any CPU
		{97134618-EA7C-4DC2-9773-E41552CDB639}.Release|Any CPU.ActiveCfg = Release|Any CPU
		{97134618-EA7C-4DC2-9773-E41552CDB639}.Release|Any CPU.Build.0 = Release|Any CPU
		{97134618-EA7C-4DC2-9773-E41552CDB639}.Release|Any CPU.Deploy.0 = Release|Any CPU
		{A2BE6594-320F-4296-A890-C688F1B3E250}.Debug|Any CPU.ActiveCfg = Debug|Any CPU
		{A2BE6594-320F-4296-A890-C688F1B3E250}.Debug|Any CPU.Build.0 = Debug|Any CPU
		{A2BE6594-320F-4296-A890-C688F1B3E250}.Release|Any CPU.ActiveCfg = Release|Any CPU
		{A2BE6594-320F-4296-A890-C688F1B3E250}.Release|Any CPU.Build.0 = Release|Any CPU
		{130F6ED8-DEEB-4842-8264-1F9F1AAF131E}.Debug|Any CPU.ActiveCfg = Debug|Any CPU
		{130F6ED8-DEEB-4842-8264-1F9F1AAF131E}.Debug|Any CPU.Build.0 = Debug|Any CPU
		{130F6ED8-DEEB-4842-8264-1F9F1AAF131E}.Release|Any CPU.ActiveCfg = Release|Any CPU
		{130F6ED8-DEEB-4842-8264-1F9F1AAF131E}.Release|Any CPU.Build.0 = Release|Any CPU
		{50D69837-C53F-4BDE-97E8-BA041DF9B0D4}.Debug|Any CPU.ActiveCfg = Debug|Any CPU
		{50D69837-C53F-4BDE-97E8-BA041DF9B0D4}.Debug|Any CPU.Build.0 = Debug|Any CPU
		{50D69837-C53F-4BDE-97E8-BA041DF9B0D4}.Debug|Any CPU.Deploy.0 = Debug|Any CPU
		{50D69837-C53F-4BDE-97E8-BA041DF9B0D4}.Release|Any CPU.ActiveCfg = Release|Any CPU
		{50D69837-C53F-4BDE-97E8-BA041DF9B0D4}.Release|Any CPU.Build.0 = Release|Any CPU
		{50D69837-C53F-4BDE-97E8-BA041DF9B0D4}.Release|Any CPU.Deploy.0 = Release|Any CPU
		{0C841010-5D1A-4FFC-84CF-383B7233DBC3}.Debug|Any CPU.ActiveCfg = Debug|Any CPU
		{0C841010-5D1A-4FFC-84CF-383B7233DBC3}.Debug|Any CPU.Build.0 = Debug|Any CPU
		{0C841010-5D1A-4FFC-84CF-383B7233DBC3}.Release|Any CPU.ActiveCfg = Release|Any CPU
		{0C841010-5D1A-4FFC-84CF-383B7233DBC3}.Release|Any CPU.Build.0 = Release|Any CPU
		{50A4CC22-5843-494A-9F60-771FC00B0660}.Debug|Any CPU.ActiveCfg = Debug|Any CPU
		{50A4CC22-5843-494A-9F60-771FC00B0660}.Debug|Any CPU.Build.0 = Debug|Any CPU
		{50A4CC22-5843-494A-9F60-771FC00B0660}.Release|Any CPU.ActiveCfg = Release|Any CPU
		{50A4CC22-5843-494A-9F60-771FC00B0660}.Release|Any CPU.Build.0 = Release|Any CPU
		{260DE33E-7FB0-4121-BCE2-F9F5EEB179E6}.Debug|Any CPU.ActiveCfg = Debug|Any CPU
		{260DE33E-7FB0-4121-BCE2-F9F5EEB179E6}.Debug|Any CPU.Build.0 = Debug|Any CPU
		{260DE33E-7FB0-4121-BCE2-F9F5EEB179E6}.Debug|Any CPU.Deploy.0 = Debug|Any CPU
		{260DE33E-7FB0-4121-BCE2-F9F5EEB179E6}.Release|Any CPU.ActiveCfg = Release|Any CPU
		{260DE33E-7FB0-4121-BCE2-F9F5EEB179E6}.Release|Any CPU.Build.0 = Release|Any CPU
		{260DE33E-7FB0-4121-BCE2-F9F5EEB179E6}.Release|Any CPU.Deploy.0 = Release|Any CPU
	EndGlobalSection
	GlobalSection(SolutionProperties) = preSolution
		HideSolutionNode = FALSE
	EndGlobalSection
	GlobalSection(ExtensibilityGlobals) = postSolution
		SolutionGuid = {B861627F-5E3D-408D-BFE0-D6B3A08E22F9}
	EndGlobalSection
EndGlobal
